
Microsoft Visual Studio Solution File, Format Version 12.00
# Visual Studio Version 17
VisualStudioVersion = 17.2.32526.322
MinimumVisualStudioVersion = 10.0.40219.1
Project("{8BC9CEB8-8B4A-11D0-8D11-00A0C91BC942}") = "01 第一个C程序", "01 第一个C程序\01 第一个C程序.vcxproj", "{8751734F-2BE9-4519-927A-7DFEB70BF107}"
EndProject
Project("{8BC9CEB8-8B4A-11D0-8D11-00A0C91BC942}") = "02 数据类型", "02 数据类型\02 数据类型.vcxproj", "{2CC58B07-874D-4864-9521-54753EA2C778}"
EndProject
Project("{8BC9CEB8-8B4A-11D0-8D11-00A0C91BC942}") = "03 变量与常量", "03 变量与常量\03 变量与常量.vcxproj", "{565020E2-B7FE-4177-98C6-32FEA72A72CF}"
EndProject
Project("{8BC9CEB8-8B4A-11D0-8D11-00A0C91BC942}") = "04 分支与循环语句", "04 分支与循环语句\04 分支与循环语句.vcxproj", "{6E363029-1915-456A-8F7B-2B6E164E892A}"
EndProject
Project("{8BC9CEB8-8B4A-11D0-8D11-00A0C91BC942}") = "07 实用调试技巧", "实用调试技巧\实用调试技巧.vcxproj", "{516D186B-543E-4A09-A047-779B60077045}"
EndProject
Project("{8BC9CEB8-8B4A-11D0-8D11-00A0C91BC942}") = "编程练习", "编程练习\编程练习.vcxproj", "{06B31A16-102B-47E8-8E70-3F3AFD74E6BF}"
EndProject
Project("{8BC9CEB8-8B4A-11D0-8D11-00A0C91BC942}") = "05 算术转换", "05 算术转换\05 算术转换.vcxproj", "{28270FB4-ECE7-4B3D-BA6C-0D5AB0D2B2F5}"
EndProject
Project("{8BC9CEB8-8B4A-11D0-8D11-00A0C91BC942}") = "06 指针初阶", "06 指针初阶\06 指针初阶.vcxproj", "{A6AF4420-7D1B-4FBF-A963-10B67B057385}"
EndProject
Global
	GlobalSection(SolutionConfigurationPlatforms) = preSolution
		Debug|x64 = Debug|x64
		Debug|x86 = Debug|x86
		Release|x64 = Release|x64
		Release|x86 = Release|x86
	EndGlobalSection
	GlobalSection(ProjectConfigurationPlatforms) = postSolution
		{8751734F-2BE9-4519-927A-7DFEB70BF107}.Debug|x64.ActiveCfg = Debug|x64
		{8751734F-2BE9-4519-927A-7DFEB70BF107}.Debug|x64.Build.0 = Debug|x64
		{8751734F-2BE9-4519-927A-7DFEB70BF107}.Debug|x86.ActiveCfg = Debug|Win32
		{8751734F-2BE9-4519-927A-7DFEB70BF107}.Debug|x86.Build.0 = Debug|Win32
		{8751734F-2BE9-4519-927A-7DFEB70BF107}.Release|x64.ActiveCfg = Release|x64
		{8751734F-2BE9-4519-927A-7DFEB70BF107}.Release|x64.Build.0 = Release|x64
		{8751734F-2BE9-4519-927A-7DFEB70BF107}.Release|x86.ActiveCfg = Release|Win32
		{8751734F-2BE9-4519-927A-7DFEB70BF107}.Release|x86.Build.0 = Release|Win32
		{2CC58B07-874D-4864-9521-54753EA2C778}.Debug|x64.ActiveCfg = Debug|x64
		{2CC58B07-874D-4864-9521-54753EA2C778}.Debug|x64.Build.0 = Debug|x64
		{2CC58B07-874D-4864-9521-54753EA2C778}.Debug|x86.ActiveCfg = Debug|Win32
		{2CC58B07-874D-4864-9521-54753EA2C778}.Debug|x86.Build.0 = Debug|Win32
		{2CC58B07-874D-4864-9521-54753EA2C778}.Release|x64.ActiveCfg = Release|x64
		{2CC58B07-874D-4864-9521-54753EA2C778}.Release|x64.Build.0 = Release|x64
		{2CC58B07-874D-4864-9521-54753EA2C778}.Release|x86.ActiveCfg = Release|Win32
		{2CC58B07-874D-4864-9521-54753EA2C778}.Release|x86.Build.0 = Release|Win32
		{565020E2-B7FE-4177-98C6-32FEA72A72CF}.Debug|x64.ActiveCfg = Debug|x64
		{565020E2-B7FE-4177-98C6-32FEA72A72CF}.Debug|x64.Build.0 = Debug|x64
		{565020E2-B7FE-4177-98C6-32FEA72A72CF}.Debug|x86.ActiveCfg = Debug|Win32
		{565020E2-B7FE-4177-98C6-32FEA72A72CF}.Debug|x86.Build.0 = Debug|Win32
		{565020E2-B7FE-4177-98C6-32FEA72A72CF}.Release|x64.ActiveCfg = Release|x64
		{565020E2-B7FE-4177-98C6-32FEA72A72CF}.Release|x64.Build.0 = Release|x64
		{565020E2-B7FE-4177-98C6-32FEA72A72CF}.Release|x86.ActiveCfg = Release|Win32
		{565020E2-B7FE-4177-98C6-32FEA72A72CF}.Release|x86.Build.0 = Release|Win32
		{6E363029-1915-456A-8F7B-2B6E164E892A}.Debug|x64.ActiveCfg = Debug|x64
		{6E363029-1915-456A-8F7B-2B6E164E892A}.Debug|x64.Build.0 = Debug|x64
		{6E363029-1915-456A-8F7B-2B6E164E892A}.Debug|x86.ActiveCfg = Debug|Win32
		{6E363029-1915-456A-8F7B-2B6E164E892A}.Debug|x86.Build.0 = Debug|Win32
		{6E363029-1915-456A-8F7B-2B6E164E892A}.Release|x64.ActiveCfg = Release|x64
		{6E363029-1915-456A-8F7B-2B6E164E892A}.Release|x64.Build.0 = Release|x64
		{6E363029-1915-456A-8F7B-2B6E164E892A}.Release|x86.ActiveCfg = Release|Win32
		{6E363029-1915-456A-8F7B-2B6E164E892A}.Release|x86.Build.0 = Release|Win32
		{516D186B-543E-4A09-A047-779B60077045}.Debug|x64.ActiveCfg = Debug|x64
		{516D186B-543E-4A09-A047-779B60077045}.Debug|x64.Build.0 = Debug|x64
		{516D186B-543E-4A09-A047-779B60077045}.Debug|x86.ActiveCfg = Debug|Win32
		{516D186B-543E-4A09-A047-779B60077045}.Debug|x86.Build.0 = Debug|Win32
		{516D186B-543E-4A09-A047-779B60077045}.Release|x64.ActiveCfg = Release|x64
		{516D186B-543E-4A09-A047-779B60077045}.Release|x64.Build.0 = Release|x64
		{516D186B-543E-4A09-A047-779B60077045}.Release|x86.ActiveCfg = Release|Win32
		{516D186B-543E-4A09-A047-779B60077045}.Release|x86.Build.0 = Release|Win32
		{06B31A16-102B-47E8-8E70-3F3AFD74E6BF}.Debug|x64.ActiveCfg = Debug|x64
		{06B31A16-102B-47E8-8E70-3F3AFD74E6BF}.Debug|x64.Build.0 = Debug|x64
		{06B31A16-102B-47E8-8E70-3F3AFD74E6BF}.Debug|x86.ActiveCfg = Debug|Win32
		{06B31A16-102B-47E8-8E70-3F3AFD74E6BF}.Debug|x86.Build.0 = Debug|Win32
		{06B31A16-102B-47E8-8E70-3F3AFD74E6BF}.Release|x64.ActiveCfg = Release|x64
		{06B31A16-102B-47E8-8E70-3F3AFD74E6BF}.Release|x64.Build.0 = Release|x64
		{06B31A16-102B-47E8-8E70-3F3AFD74E6BF}.Release|x86.ActiveCfg = Release|Win32
		{06B31A16-102B-47E8-8E70-3F3AFD74E6BF}.Release|x86.Build.0 = Release|Win32
		{28270FB4-ECE7-4B3D-BA6C-0D5AB0D2B2F5}.Debug|x64.ActiveCfg = Debug|x64
		{28270FB4-ECE7-4B3D-BA6C-0D5AB0D2B2F5}.Debug|x64.Build.0 = Debug|x64
		{28270FB4-ECE7-4B3D-BA6C-0D5AB0D2B2F5}.Debug|x86.ActiveCfg = Debug|Win32
		{28270FB4-ECE7-4B3D-BA6C-0D5AB0D2B2F5}.Debug|x86.Build.0 = Debug|Win32
		{28270FB4-ECE7-4B3D-BA6C-0D5AB0D2B2F5}.Release|x64.ActiveCfg = Release|x64
		{28270FB4-ECE7-4B3D-BA6C-0D5AB0D2B2F5}.Release|x64.Build.0 = Release|x64
		{28270FB4-ECE7-4B3D-BA6C-0D5AB0D2B2F5}.Release|x86.ActiveCfg = Release|Win32
		{28270FB4-ECE7-4B3D-BA6C-0D5AB0D2B2F5}.Release|x86.Build.0 = Release|Win32
		{A6AF4420-7D1B-4FBF-A963-10B67B057385}.Debug|x64.ActiveCfg = Debug|x64
		{A6AF4420-7D1B-4FBF-A963-10B67B057385}.Debug|x64.Build.0 = Debug|x64
		{A6AF4420-7D1B-4FBF-A963-10B67B057385}.Debug|x86.ActiveCfg = Debug|Win32
		{A6AF4420-7D1B-4FBF-A963-10B67B057385}.Debug|x86.Build.0 = Debug|Win32
		{A6AF4420-7D1B-4FBF-A963-10B67B057385}.Release|x64.ActiveCfg = Release|x64
		{A6AF4420-7D1B-4FBF-A963-10B67B057385}.Release|x64.Build.0 = Release|x64
		{A6AF4420-7D1B-4FBF-A963-10B67B057385}.Release|x86.ActiveCfg = Release|Win32
		{A6AF4420-7D1B-4FBF-A963-10B67B057385}.Release|x86.Build.0 = Release|Win32
	EndGlobalSection
	GlobalSection(SolutionProperties) = preSolution
		HideSolutionNode = FALSE
	EndGlobalSection
	GlobalSection(ExtensibilityGlobals) = postSolution
		SolutionGuid = {B40320F0-AA9C-417D-A026-D0F76BB682B7}
	EndGlobalSection
EndGlobal
